<?xml version="1.0" encoding="utf-8"?>
<Project ToolsVersion="4.0" xmlns="http://schemas.microsoft.com/developer/msbuild/2003">
  <ItemGroup>
    <Filter Include="win32">
      <UniqueIdentifier>{84a8ebd7-7cf0-47f6-b75e-d441df67da40}</UniqueIdentifier>
    </Filter>
    <Filter Include="Classes">
      <UniqueIdentifier>{bb6c862e-70e9-49d9-81b7-3829a6f50471}</UniqueIdentifier>
    </Filter>
    <Filter Include="Classes\Sprites">
      <UniqueIdentifier>{e0ca571e-9d37-481d-bb43-eea6bcb3b4ef}</UniqueIdentifier>
    </Filter>
    <Filter Include="Classes\Model">
      <UniqueIdentifier>{ea567f65-5e8b-461e-b5b0-58bb0715ec4d}</UniqueIdentifier>
    </Filter>
    <Filter Include="Classes\Scenes">
      <UniqueIdentifier>{0e0bade1-1137-4997-a521-43de7014893b}</UniqueIdentifier>
    </Filter>
    <Filter Include="Classes\Layers">
      <UniqueIdentifier>{e295a1fb-d618-4fa3-b4ba-bae2a76db08e}</UniqueIdentifier>
    </Filter>
  </ItemGroup>
  <ItemGroup>
    <ClCompile Include="main.cpp">
      <Filter>win32</Filter>
    </ClCompile>
    <ClCompile Include="..\Classes\AppDelegate.cpp">
      <Filter>Classes</Filter>
    </ClCompile>
    <ClCompile Include="..\Classes\GameModel.cpp">
      <Filter>Classes\Model</Filter>
    </ClCompile>
    <ClCompile Include="..\Classes\TileObject.cpp">
      <Filter>Classes\Model</Filter>
    </ClCompile>
    <ClCompile Include="..\Classes\GameScene.cpp">
      <Filter>Classes\Scenes</Filter>
    </ClCompile>
    <ClCompile Include="..\Classes\Box2DDebugLayer.cpp">
      <Filter>Classes\Layers</Filter>
    </ClCompile>
    <ClCompile Include="..\Classes\GLES-Render.cpp">
      <Filter>Classes\Layers</Filter>
    </ClCompile>
    <ClCompile Include="..\Classes\PlanetSprite.cpp">
      <Filter>Classes\Sprites</Filter>
    </ClCompile>
    <ClCompile Include="..\Classes\PlanetModel.cpp">
      <Filter>Classes\Model</Filter>
    </ClCompile>
    <ClCompile Include="..\Classes\ShipModel.cpp">
      <Filter>Classes\Model</Filter>
    </ClCompile>
    <ClCompile Include="..\Classes\StationModel.cpp">
      <Filter>Classes\Model</Filter>
    </ClCompile>
    <ClCompile Include="..\Classes\ShipSprite.cpp">
      <Filter>Classes\Sprites</Filter>
    </ClCompile>
    <ClCompile Include="..\Classes\StationSprite.cpp">
      <Filter>Classes\Sprites</Filter>
    </ClCompile>
    <ClCompile Include="..\Classes\FingerObject.cpp">
      <Filter>Classes\Sprites</Filter>
    </ClCompile>
    <ClCompile Include="..\Classes\SpaceBoundaries.cpp">
      <Filter>Classes\Sprites</Filter>
    </ClCompile>
  </ItemGroup>
  <ItemGroup>
    <ClInclude Include="main.h">
      <Filter>win32</Filter>
    </ClInclude>
    <ClInclude Include="..\Classes\AppDelegate.h">
      <Filter>Classes</Filter>
    </ClInclude>
    <ClInclude Include="..\Classes\Common.h">
      <Filter>Classes</Filter>
    </ClInclude>
    <ClInclude Include="..\Classes\GameModel.h">
      <Filter>Classes\Model</Filter>
    </ClInclude>
    <ClInclude Include="..\Classes\TileObject.h">
      <Filter>Classes\Model</Filter>
    </ClInclude>
    <ClInclude Include="..\Classes\GameScene.h">
      <Filter>Classes\Scenes</Filter>
    </ClInclude>
    <ClInclude Include="..\Classes\Box2DDebugLayer.h">
      <Filter>Classes\Layers</Filter>
    </ClInclude>
    <ClInclude Include="..\Classes\GLES-Render.h">
      <Filter>Classes\Layers</Filter>
    </ClInclude>
    <ClInclude Include="..\Classes\PlanetSprite.h">
      <Filter>Classes\Sprites</Filter>
    </ClInclude>
    <ClInclude Include="..\Classes\DictUtils.h">
      <Filter>Classes</Filter>
    </ClInclude>
    <ClInclude Include="..\Classes\PlanetModel.h">
      <Filter>Classes\Model</Filter>
    </ClInclude>
    <ClInclude Include="..\Classes\ShipModel.h">
      <Filter>Classes\Model</Filter>
    </ClInclude>
    <ClInclude Include="..\Classes\StationModel.h">
      <Filter>Classes\Model</Filter>
    </ClInclude>
    <ClInclude Include="..\Classes\ShipSprite.h">
      <Filter>Classes\Sprites</Filter>
    </ClInclude>
    <ClInclude Include="..\Classes\StationSprite.h">
      <Filter>Classes\Sprites</Filter>
    </ClInclude>
    <ClInclude Include="..\Classes\FingerObject.h">
      <Filter>Classes\Sprites</Filter>
    </ClInclude>
    <ClInclude Include="..\Classes\SpaceBoundaries.h">
      <Filter>Classes\Sprites</Filter>
    </ClInclude>
  </ItemGroup>
</Project>